
Microsoft Visual Studio Solution File, Format Version 12.00
# Visual Studio Version 16
VisualStudioVersion = 16.0.30413.136
MinimumVisualStudioVersion = 10.0.40219.1
Project("{FAE04EC0-301F-11D3-BF4B-00C04F79EFBC}") = "ServiceExam", "ServiceExam\ServiceExam.csproj", "{55480079-7827-428A-B0D0-38F923F8958B}"
EndProject
Project("{FAE04EC0-301F-11D3-BF4B-00C04F79EFBC}") = "CookieService", "CookieService\CookieService.csproj", "{6E022EE4-AD6A-44FE-BECA-80879DE1C0A2}"
EndProject
Global
	GlobalSection(SolutionConfigurationPlatforms) = preSolution
		Debug|Any CPU = Debug|Any CPU
		Release|Any CPU = Release|Any CPU
	EndGlobalSection
	GlobalSection(ProjectConfigurationPlatforms) = postSolution
		{55480079-7827-428A-B0D0-38F923F8958B}.Debug|Any CPU.ActiveCfg = Debug|Any CPU
		{55480079-7827-428A-B0D0-38F923F8958B}.Debug|Any CPU.Build.0 = Debug|Any CPU
		{55480079-7827-428A-B0D0-38F923F8958B}.Release|Any CPU.ActiveCfg = Release|Any CPU
		{55480079-7827-428A-B0D0-38F923F8958B}.Release|Any CPU.Build.0 = Release|Any CPU
		{6E022EE4-AD6A-44FE-BECA-80879DE1C0A2}.Debug|Any CPU.ActiveCfg = Debug|Any CPU
		{6E022EE4-AD6A-44FE-BECA-80879DE1C0A2}.Debug|Any CPU.Build.0 = Debug|Any CPU
		{6E022EE4-AD6A-44FE-BECA-80879DE1C0A2}.Release|Any CPU.ActiveCfg = Release|Any CPU
		{6E022EE4-AD6A-44FE-BECA-80879DE1C0A2}.Release|Any CPU.Build.0 = Release|Any CPU
	EndGlobalSection
	GlobalSection(SolutionProperties) = preSolution
		HideSolutionNode = FALSE
	EndGlobalSection
	GlobalSection(ExtensibilityGlobals) = postSolution
		SolutionGuid = {6E793B8E-C384-4C58-B69F-3F78C21BECD8}
	EndGlobalSection
EndGlobal
